
Microsoft Visual Studio Solution File, Format Version 12.00
# Visual Studio Version 17
VisualStudioVersion = 17.10.34916.146
MinimumVisualStudioVersion = 10.0.40219.1
Project("{8BC9CEB8-8B4A-11D0-8D11-00A0C91BC942}") = "exceptions", "exceptions\exceptions.vcxproj", "{BF760C21-67DF-4B94-ADAA-F7C46E0FADC1}"
EndProject
Global
	GlobalSection(SolutionConfigurationPlatforms) = preSolution
		Debug|x64 = Debug|x64
		Debug|x86 = Debug|x86
		Release|x64 = Release|x64
		Release|x86 = Release|x86
	EndGlobalSection
	GlobalSection(ProjectConfigurationPlatforms) = postSolution
		{BF760C21-67DF-4B94-ADAA-F7C46E0FADC1}.Debug|x64.ActiveCfg = Debug|x64
		{BF760C21-67DF-4B94-ADAA-F7C46E0FADC1}.Debug|x64.Build.0 = Debug|x64
		{BF760C21-67DF-4B94-ADAA-F7C46E0FADC1}.Debug|x86.ActiveCfg = Debug|Win32
		{BF760C21-67DF-4B94-ADAA-F7C46E0FADC1}.Debug|x86.Build.0 = Debug|Win32
		{BF760C21-67DF-4B94-ADAA-F7C46E0FADC1}.Release|x64.ActiveCfg = Release|x64
		{BF760C21-67DF-4B94-ADAA-F7C46E0FADC1}.Release|x64.Build.0 = Release|x64
		{BF760C21-67DF-4B94-ADAA-F7C46E0FADC1}.Release|x86.ActiveCfg = Release|Win32
		{BF760C21-67DF-4B94-ADAA-F7C46E0FADC1}.Release|x86.Build.0 = Release|Win32
	EndGlobalSection
	GlobalSection(SolutionProperties) = preSolution
		HideSolutionNode = FALSE
	EndGlobalSection
	GlobalSection(ExtensibilityGlobals) = postSolution
		SolutionGuid = {DEF4EB5C-D612-4A77-9068-24D64C2E5BD3}
	EndGlobalSection
EndGlobal
